
Microsoft Visual Studio Solution File, Format Version 12.00
# Visual Studio Version 16
VisualStudioVersion = 16.0.31829.152
MinimumVisualStudioVersion = 10.0.40219.1
Project("{9A19103F-16F7-4668-BE54-9A1E7A4F7556}") = "Test.Api", "Test.Api\Test.Api.csproj", "{8022F324-6769-4A39-8C6A-DEF7FFB36532}"
EndProject
Project("{9A19103F-16F7-4668-BE54-9A1E7A4F7556}") = "Test.Services", "Test.Services\Test.Services.csproj", "{BA8E1779-4DF7-4BBA-8902-0BBF401178B9}"
EndProject
Project("{9A19103F-16F7-4668-BE54-9A1E7A4F7556}") = "Test.Models", "Test.Models\Test.Models.csproj", "{18A19C0D-17ED-4446-940A-1F218C1E7B8B}"
EndProject
Project("{9A19103F-16F7-4668-BE54-9A1E7A4F7556}") = "Test.Dtos", "Test.Dtos\Test.Dtos.csproj", "{D4BE6AAC-CBAF-4727-B868-98797CDC3260}"
EndProject
Project("{2150E333-8FDC-42A3-9474-1A3956D46DE8}") = "Providers", "Providers", "{C1E588A9-613A-46DE-9188-7C6C95848088}"
EndProject
Project("{FAE04EC0-301F-11D3-BF4B-00C04F79EFBC}") = "DuckDuckGo", "DuckDuckGo\DuckDuckGo.csproj", "{1D15DC53-79C2-4A3A-A282-A47C07D45ECE}"
EndProject
Global
	GlobalSection(SolutionConfigurationPlatforms) = preSolution
		Debug|Any CPU = Debug|Any CPU
		Release|Any CPU = Release|Any CPU
	EndGlobalSection
	GlobalSection(ProjectConfigurationPlatforms) = postSolution
		{8022F324-6769-4A39-8C6A-DEF7FFB36532}.Debug|Any CPU.ActiveCfg = Debug|Any CPU
		{8022F324-6769-4A39-8C6A-DEF7FFB36532}.Debug|Any CPU.Build.0 = Debug|Any CPU
		{8022F324-6769-4A39-8C6A-DEF7FFB36532}.Release|Any CPU.ActiveCfg = Release|Any CPU
		{8022F324-6769-4A39-8C6A-DEF7FFB36532}.Release|Any CPU.Build.0 = Release|Any CPU
		{BA8E1779-4DF7-4BBA-8902-0BBF401178B9}.Debug|Any CPU.ActiveCfg = Debug|Any CPU
		{BA8E1779-4DF7-4BBA-8902-0BBF401178B9}.Debug|Any CPU.Build.0 = Debug|Any CPU
		{BA8E1779-4DF7-4BBA-8902-0BBF401178B9}.Release|Any CPU.ActiveCfg = Release|Any CPU
		{BA8E1779-4DF7-4BBA-8902-0BBF401178B9}.Release|Any CPU.Build.0 = Release|Any CPU
		{18A19C0D-17ED-4446-940A-1F218C1E7B8B}.Debug|Any CPU.ActiveCfg = Debug|Any CPU
		{18A19C0D-17ED-4446-940A-1F218C1E7B8B}.Debug|Any CPU.Build.0 = Debug|Any CPU
		{18A19C0D-17ED-4446-940A-1F218C1E7B8B}.Release|Any CPU.ActiveCfg = Release|Any CPU
		{18A19C0D-17ED-4446-940A-1F218C1E7B8B}.Release|Any CPU.Build.0 = Release|Any CPU
		{D4BE6AAC-CBAF-4727-B868-98797CDC3260}.Debug|Any CPU.ActiveCfg = Debug|Any CPU
		{D4BE6AAC-CBAF-4727-B868-98797CDC3260}.Debug|Any CPU.Build.0 = Debug|Any CPU
		{D4BE6AAC-CBAF-4727-B868-98797CDC3260}.Release|Any CPU.ActiveCfg = Release|Any CPU
		{D4BE6AAC-CBAF-4727-B868-98797CDC3260}.Release|Any CPU.Build.0 = Release|Any CPU
		{1D15DC53-79C2-4A3A-A282-A47C07D45ECE}.Debug|Any CPU.ActiveCfg = Debug|Any CPU
		{1D15DC53-79C2-4A3A-A282-A47C07D45ECE}.Debug|Any CPU.Build.0 = Debug|Any CPU
		{1D15DC53-79C2-4A3A-A282-A47C07D45ECE}.Release|Any CPU.ActiveCfg = Release|Any CPU
		{1D15DC53-79C2-4A3A-A282-A47C07D45ECE}.Release|Any CPU.Build.0 = Release|Any CPU
	EndGlobalSection
	GlobalSection(SolutionProperties) = preSolution
		HideSolutionNode = FALSE
	EndGlobalSection
	GlobalSection(NestedProjects) = preSolution
		{1D15DC53-79C2-4A3A-A282-A47C07D45ECE} = {C1E588A9-613A-46DE-9188-7C6C95848088}
	EndGlobalSection
	GlobalSection(ExtensibilityGlobals) = postSolution
		SolutionGuid = {9ECCA447-7135-4F34-8393-4FCC46B1CB9F}
	EndGlobalSection
EndGlobal
